
Microsoft Visual Studio Solution File, Format Version 12.00
# Visual Studio Version 17
VisualStudioVersion = 17.2.32526.322
MinimumVisualStudioVersion = 10.0.40219.1
Project("{FAE04EC0-301F-11D3-BF4B-00C04F79EFBC}") = "PartsUnlimitedApi", "PartsUnlimitedApi\PartsUnlimitedApi.csproj", "{D334C149-31C9-4181-A253-1F9A5F2A3519}"
EndProject
Global
	GlobalSection(SolutionConfigurationPlatforms) = preSolution
		Debug|Any CPU = Debug|Any CPU
		Release|Any CPU = Release|Any CPU
	EndGlobalSection
	GlobalSection(ProjectConfigurationPlatforms) = postSolution
		{D334C149-31C9-4181-A253-1F9A5F2A3519}.Debug|Any CPU.ActiveCfg = Debug|Any CPU
		{D334C149-31C9-4181-A253-1F9A5F2A3519}.Debug|Any CPU.Build.0 = Debug|Any CPU
		{D334C149-31C9-4181-A253-1F9A5F2A3519}.Release|Any CPU.ActiveCfg = Release|Any CPU
		{D334C149-31C9-4181-A253-1F9A5F2A3519}.Release|Any CPU.Build.0 = Release|Any CPU
	EndGlobalSection
	GlobalSection(SolutionProperties) = preSolution
		HideSolutionNode = FALSE
	EndGlobalSection
	GlobalSection(ExtensibilityGlobals) = postSolution
		SolutionGuid = {28D5D89B-2287-464F-AFA1-2CAA24AA8233}
	EndGlobalSection
EndGlobal
